
Microsoft Visual Studio Solution File, Format Version 12.00
# Visual Studio Version 17
VisualStudioVersion = 17.8.34322.80
MinimumVisualStudioVersion = 10.0.40219.1
Project("{9A19103F-16F7-4668-BE54-9A1E7A4F7556}") = "Server", "Server\Server.csproj", "{68FEDDCF-B230-45AD-9637-B85E540F33B9}"
EndProject
Project("{9A19103F-16F7-4668-BE54-9A1E7A4F7556}") = "Client", "Client\Client.csproj", "{54083D11-CA7E-4C33-91CD-FA1F1E79C646}"
EndProject
Project("{9A19103F-16F7-4668-BE54-9A1E7A4F7556}") = "BaseLibrary", "BaseLibrary\BaseLibrary.csproj", "{41D41C2B-307A-4AFA-9201-AD9CE98C336D}"
EndProject
Project("{9A19103F-16F7-4668-BE54-9A1E7A4F7556}") = "ClientLibrary", "ClientLibrary\ClientLibrary.csproj", "{C9B33DF4-68A3-4D19-B369-8559CDAD5144}"
EndProject
Project("{9A19103F-16F7-4668-BE54-9A1E7A4F7556}") = "ServerLibrary", "ServerLibrary\ServerLibrary.csproj", "{5937D292-EEDF-4441-8D1E-77A9ED2ED0C8}"
EndProject
Global
	GlobalSection(SolutionConfigurationPlatforms) = preSolution
		Debug|Any CPU = Debug|Any CPU
		Release|Any CPU = Release|Any CPU
	EndGlobalSection
	GlobalSection(ProjectConfigurationPlatforms) = postSolution
		{68FEDDCF-B230-45AD-9637-B85E540F33B9}.Debug|Any CPU.ActiveCfg = Debug|Any CPU
		{68FEDDCF-B230-45AD-9637-B85E540F33B9}.Debug|Any CPU.Build.0 = Debug|Any CPU
		{68FEDDCF-B230-45AD-9637-B85E540F33B9}.Release|Any CPU.ActiveCfg = Release|Any CPU
		{68FEDDCF-B230-45AD-9637-B85E540F33B9}.Release|Any CPU.Build.0 = Release|Any CPU
		{54083D11-CA7E-4C33-91CD-FA1F1E79C646}.Debug|Any CPU.ActiveCfg = Debug|Any CPU
		{54083D11-CA7E-4C33-91CD-FA1F1E79C646}.Debug|Any CPU.Build.0 = Debug|Any CPU
		{54083D11-CA7E-4C33-91CD-FA1F1E79C646}.Release|Any CPU.ActiveCfg = Release|Any CPU
		{54083D11-CA7E-4C33-91CD-FA1F1E79C646}.Release|Any CPU.Build.0 = Release|Any CPU
		{41D41C2B-307A-4AFA-9201-AD9CE98C336D}.Debug|Any CPU.ActiveCfg = Debug|Any CPU
		{41D41C2B-307A-4AFA-9201-AD9CE98C336D}.Debug|Any CPU.Build.0 = Debug|Any CPU
		{41D41C2B-307A-4AFA-9201-AD9CE98C336D}.Release|Any CPU.ActiveCfg = Release|Any CPU
		{41D41C2B-307A-4AFA-9201-AD9CE98C336D}.Release|Any CPU.Build.0 = Release|Any CPU
		{C9B33DF4-68A3-4D19-B369-8559CDAD5144}.Debug|Any CPU.ActiveCfg = Debug|Any CPU
		{C9B33DF4-68A3-4D19-B369-8559CDAD5144}.Debug|Any CPU.Build.0 = Debug|Any CPU
		{C9B33DF4-68A3-4D19-B369-8559CDAD5144}.Release|Any CPU.ActiveCfg = Release|Any CPU
		{C9B33DF4-68A3-4D19-B369-8559CDAD5144}.Release|Any CPU.Build.0 = Release|Any CPU
		{5937D292-EEDF-4441-8D1E-77A9ED2ED0C8}.Debug|Any CPU.ActiveCfg = Debug|Any CPU
		{5937D292-EEDF-4441-8D1E-77A9ED2ED0C8}.Debug|Any CPU.Build.0 = Debug|Any CPU
		{5937D292-EEDF-4441-8D1E-77A9ED2ED0C8}.Release|Any CPU.ActiveCfg = Release|Any CPU
		{5937D292-EEDF-4441-8D1E-77A9ED2ED0C8}.Release|Any CPU.Build.0 = Release|Any CPU
	EndGlobalSection
	GlobalSection(SolutionProperties) = preSolution
		HideSolutionNode = FALSE
	EndGlobalSection
	GlobalSection(ExtensibilityGlobals) = postSolution
		SolutionGuid = {D78E0555-21B5-48E2-BF0B-1E1CFC16B5B5}
	EndGlobalSection
EndGlobal
